
Microsoft Visual Studio Solution File, Format Version 12.00
# Visual Studio Version 17
VisualStudioVersion = 17.5.33530.505
MinimumVisualStudioVersion = 10.0.40219.1
Project("{9A19103F-16F7-4668-BE54-9A1E7A4F7556}") = "ChessApi", "ChessApi\ChessApi.csproj", "{3A3D94D4-C56A-4CAE-AAD9-3C5BAE688C57}"
EndProject
Global
	GlobalSection(SolutionConfigurationPlatforms) = preSolution
		Debug|Any CPU = Debug|Any CPU
		Release|Any CPU = Release|Any CPU
	EndGlobalSection
	GlobalSection(ProjectConfigurationPlatforms) = postSolution
		{3A3D94D4-C56A-4CAE-AAD9-3C5BAE688C57}.Debug|Any CPU.ActiveCfg = Debug|Any CPU
		{3A3D94D4-C56A-4CAE-AAD9-3C5BAE688C57}.Debug|Any CPU.Build.0 = Debug|Any CPU
		{3A3D94D4-C56A-4CAE-AAD9-3C5BAE688C57}.Release|Any CPU.ActiveCfg = Release|Any CPU
		{3A3D94D4-C56A-4CAE-AAD9-3C5BAE688C57}.Release|Any CPU.Build.0 = Release|Any CPU
	EndGlobalSection
	GlobalSection(SolutionProperties) = preSolution
		HideSolutionNode = FALSE
	EndGlobalSection
	GlobalSection(ExtensibilityGlobals) = postSolution
		SolutionGuid = {5248D48D-8BB7-4EF5-B0EC-36C39EF97C7C}
	EndGlobalSection
EndGlobal
